
Microsoft Visual Studio Solution File, Format Version 12.00
# Visual Studio 14
VisualStudioVersion = 14.0.25123.0
MinimumVisualStudioVersion = 10.0.40219.1
Project("{FAE04EC0-301F-11D3-BF4B-00C04F79EFBC}") = "Web", "Web\Web.csproj", "{4ED5CB1D-F540-4F7B-898B-E77296905628}"
EndProject
Project("{FAE04EC0-301F-11D3-BF4B-00C04F79EFBC}") = "Data", "Data\Data.csproj", "{421059BA-BC1F-4F7F-A931-754F41D1BFBC}"
EndProject
Global
	GlobalSection(SolutionConfigurationPlatforms) = preSolution
		Debug|Any CPU = Debug|Any CPU
		Release|Any CPU = Release|Any CPU
	EndGlobalSection
	GlobalSection(ProjectConfigurationPlatforms) = postSolution
		{4ED5CB1D-F540-4F7B-898B-E77296905628}.Debug|Any CPU.ActiveCfg = Debug|Any CPU
		{4ED5CB1D-F540-4F7B-898B-E77296905628}.Debug|Any CPU.Build.0 = Debug|Any CPU
		{4ED5CB1D-F540-4F7B-898B-E77296905628}.Release|Any CPU.ActiveCfg = Release|Any CPU
		{4ED5CB1D-F540-4F7B-898B-E77296905628}.Release|Any CPU.Build.0 = Release|Any CPU
		{421059BA-BC1F-4F7F-A931-754F41D1BFBC}.Debug|Any CPU.ActiveCfg = Debug|Any CPU
		{421059BA-BC1F-4F7F-A931-754F41D1BFBC}.Debug|Any CPU.Build.0 = Debug|Any CPU
		{421059BA-BC1F-4F7F-A931-754F41D1BFBC}.Release|Any CPU.ActiveCfg = Release|Any CPU
		{421059BA-BC1F-4F7F-A931-754F41D1BFBC}.Release|Any CPU.Build.0 = Release|Any CPU
	EndGlobalSection
	GlobalSection(SolutionProperties) = preSolution
		HideSolutionNode = FALSE
	EndGlobalSection
EndGlobal
